
Microsoft Visual Studio Solution File, Format Version 12.00
# Visual Studio Version 17
VisualStudioVersion = 17.2.32630.192
MinimumVisualStudioVersion = 10.0.40219.1
Project("{2150E333-8FDC-42A3-9474-1A3956D46DE8}") = "Catalog", "Catalog", "{001D6504-4523-427B-BB49-5829DFA240E7}"
EndProject
Project("{2150E333-8FDC-42A3-9474-1A3956D46DE8}") = "Basket", "Basket", "{7FC38189-7EA9-42DA-BD4B-05550C03B3A5}"
EndProject
Project("{9A19103F-16F7-4668-BE54-9A1E7A4F7556}") = "Catalog.API", "Catalog\Catalog.API\Catalog.API.csproj", "{FC0DFD57-4024-4B27-AAC3-AE108D215460}"
EndProject
Project("{2150E333-8FDC-42A3-9474-1A3956D46DE8}") = "tests", "tests", "{F704FAEF-F096-49F8-9596-93FC47F2F144}"
EndProject
Project("{2150E333-8FDC-42A3-9474-1A3956D46DE8}") = "tests", "tests", "{8CE191A8-EC50-479D-805F-C0AD81F055D6}"
EndProject
Project("{9A19103F-16F7-4668-BE54-9A1E7A4F7556}") = "Basket.API", "Basket\Basket.API\Basket.API.csproj", "{4BB17F48-5F86-4B19-A047-A161CD2571AF}"
EndProject
Project("{9A19103F-16F7-4668-BE54-9A1E7A4F7556}") = "Basket.UnitTests", "Basket\Basket.UnitTests\Basket.UnitTests.csproj", "{F2ED460C-8854-4489-8057-B607AC4C012C}"
EndProject
Project("{9A19103F-16F7-4668-BE54-9A1E7A4F7556}") = "Catalog.UnitTests", "Catalog\Catalog.UnitTests\Catalog.UnitTests.csproj", "{984B8BF4-5C60-44ED-9960-65BF4845D8BD}"
EndProject
Project("{2150E333-8FDC-42A3-9474-1A3956D46DE8}") = "Ordering", "Ordering", "{7BC8097A-7337-4446-AB0C-81E0DE2894C4}"
EndProject
Project("{9A19103F-16F7-4668-BE54-9A1E7A4F7556}") = "Ordering.API", "Ordering\Ordering.API\Ordering.API.csproj", "{268DBD16-C3F9-490F-921A-0C68BA8B11F9}"
EndProject
Project("{9A19103F-16F7-4668-BE54-9A1E7A4F7556}") = "Ordering.Domain", "Ordering\Ordering.Domain\Ordering.Domain.csproj", "{505CC2B9-441E-4306-8302-7FBED5F9B4EC}"
EndProject
Project("{2150E333-8FDC-42A3-9474-1A3956D46DE8}") = "tests", "tests", "{E19883BE-6774-4ACD-89F2-0A7A6988BA62}"
EndProject
Project("{9A19103F-16F7-4668-BE54-9A1E7A4F7556}") = "Ordering.UnitTests", "Ordering\Ordering.UnitTests\Ordering.UnitTests.csproj", "{E45536DF-95E8-4D9B-9575-7583953320EA}"
EndProject
Global
	GlobalSection(SolutionConfigurationPlatforms) = preSolution
		Debug|Any CPU = Debug|Any CPU
		Release|Any CPU = Release|Any CPU
	EndGlobalSection
	GlobalSection(ProjectConfigurationPlatforms) = postSolution
		{FC0DFD57-4024-4B27-AAC3-AE108D215460}.Debug|Any CPU.ActiveCfg = Debug|Any CPU
		{FC0DFD57-4024-4B27-AAC3-AE108D215460}.Debug|Any CPU.Build.0 = Debug|Any CPU
		{FC0DFD57-4024-4B27-AAC3-AE108D215460}.Release|Any CPU.ActiveCfg = Release|Any CPU
		{FC0DFD57-4024-4B27-AAC3-AE108D215460}.Release|Any CPU.Build.0 = Release|Any CPU
		{4BB17F48-5F86-4B19-A047-A161CD2571AF}.Debug|Any CPU.ActiveCfg = Debug|Any CPU
		{4BB17F48-5F86-4B19-A047-A161CD2571AF}.Debug|Any CPU.Build.0 = Debug|Any CPU
		{4BB17F48-5F86-4B19-A047-A161CD2571AF}.Release|Any CPU.ActiveCfg = Release|Any CPU
		{4BB17F48-5F86-4B19-A047-A161CD2571AF}.Release|Any CPU.Build.0 = Release|Any CPU
		{F2ED460C-8854-4489-8057-B607AC4C012C}.Debug|Any CPU.ActiveCfg = Debug|Any CPU
		{F2ED460C-8854-4489-8057-B607AC4C012C}.Debug|Any CPU.Build.0 = Debug|Any CPU
		{F2ED460C-8854-4489-8057-B607AC4C012C}.Release|Any CPU.ActiveCfg = Release|Any CPU
		{F2ED460C-8854-4489-8057-B607AC4C012C}.Release|Any CPU.Build.0 = Release|Any CPU
		{984B8BF4-5C60-44ED-9960-65BF4845D8BD}.Debug|Any CPU.ActiveCfg = Debug|Any CPU
		{984B8BF4-5C60-44ED-9960-65BF4845D8BD}.Debug|Any CPU.Build.0 = Debug|Any CPU
		{984B8BF4-5C60-44ED-9960-65BF4845D8BD}.Release|Any CPU.ActiveCfg = Release|Any CPU
		{984B8BF4-5C60-44ED-9960-65BF4845D8BD}.Release|Any CPU.Build.0 = Release|Any CPU
		{268DBD16-C3F9-490F-921A-0C68BA8B11F9}.Debug|Any CPU.ActiveCfg = Debug|Any CPU
		{268DBD16-C3F9-490F-921A-0C68BA8B11F9}.Debug|Any CPU.Build.0 = Debug|Any CPU
		{268DBD16-C3F9-490F-921A-0C68BA8B11F9}.Release|Any CPU.ActiveCfg = Release|Any CPU
		{268DBD16-C3F9-490F-921A-0C68BA8B11F9}.Release|Any CPU.Build.0 = Release|Any CPU
		{505CC2B9-441E-4306-8302-7FBED5F9B4EC}.Debug|Any CPU.ActiveCfg = Debug|Any CPU
		{505CC2B9-441E-4306-8302-7FBED5F9B4EC}.Debug|Any CPU.Build.0 = Debug|Any CPU
		{505CC2B9-441E-4306-8302-7FBED5F9B4EC}.Release|Any CPU.ActiveCfg = Release|Any CPU
		{505CC2B9-441E-4306-8302-7FBED5F9B4EC}.Release|Any CPU.Build.0 = Release|Any CPU
		{E45536DF-95E8-4D9B-9575-7583953320EA}.Debug|Any CPU.ActiveCfg = Debug|Any CPU
		{E45536DF-95E8-4D9B-9575-7583953320EA}.Debug|Any CPU.Build.0 = Debug|Any CPU
		{E45536DF-95E8-4D9B-9575-7583953320EA}.Release|Any CPU.ActiveCfg = Release|Any CPU
		{E45536DF-95E8-4D9B-9575-7583953320EA}.Release|Any CPU.Build.0 = Release|Any CPU
	EndGlobalSection
	GlobalSection(SolutionProperties) = preSolution
		HideSolutionNode = FALSE
	EndGlobalSection
	GlobalSection(NestedProjects) = preSolution
		{FC0DFD57-4024-4B27-AAC3-AE108D215460} = {001D6504-4523-427B-BB49-5829DFA240E7}
		{F704FAEF-F096-49F8-9596-93FC47F2F144} = {001D6504-4523-427B-BB49-5829DFA240E7}
		{8CE191A8-EC50-479D-805F-C0AD81F055D6} = {7FC38189-7EA9-42DA-BD4B-05550C03B3A5}
		{4BB17F48-5F86-4B19-A047-A161CD2571AF} = {7FC38189-7EA9-42DA-BD4B-05550C03B3A5}
		{F2ED460C-8854-4489-8057-B607AC4C012C} = {8CE191A8-EC50-479D-805F-C0AD81F055D6}
		{984B8BF4-5C60-44ED-9960-65BF4845D8BD} = {F704FAEF-F096-49F8-9596-93FC47F2F144}
		{268DBD16-C3F9-490F-921A-0C68BA8B11F9} = {7BC8097A-7337-4446-AB0C-81E0DE2894C4}
		{505CC2B9-441E-4306-8302-7FBED5F9B4EC} = {7BC8097A-7337-4446-AB0C-81E0DE2894C4}
		{E19883BE-6774-4ACD-89F2-0A7A6988BA62} = {7BC8097A-7337-4446-AB0C-81E0DE2894C4}
		{E45536DF-95E8-4D9B-9575-7583953320EA} = {E19883BE-6774-4ACD-89F2-0A7A6988BA62}
	EndGlobalSection
	GlobalSection(ExtensibilityGlobals) = postSolution
		SolutionGuid = {37FD50BA-BB00-4CA0-B78C-C73220B42B82}
	EndGlobalSection
EndGlobal
